
Microsoft Visual Studio Solution File, Format Version 12.00
# Visual Studio Version 17
VisualStudioVersion = 17.7.34202.233
MinimumVisualStudioVersion = 10.0.40219.1
Project("{FAE04EC0-301F-11D3-BF4B-00C04F79EFBC}") = "CSharpProject", "CSharpProject\CSharpProject.csproj", "{F670D43B-8FA4-4BE4-B65D-307B508660D0}"
EndProject
Global
	GlobalSection(SolutionConfigurationPlatforms) = preSolution
		Debug|Any CPU = Debug|Any CPU
		Release|Any CPU = Release|Any CPU
	EndGlobalSection
	GlobalSection(ProjectConfigurationPlatforms) = postSolution
		{F670D43B-8FA4-4BE4-B65D-307B508660D0}.Debug|Any CPU.ActiveCfg = Debug|Any CPU
		{F670D43B-8FA4-4BE4-B65D-307B508660D0}.Debug|Any CPU.Build.0 = Debug|Any CPU
		{F670D43B-8FA4-4BE4-B65D-307B508660D0}.Release|Any CPU.ActiveCfg = Release|Any CPU
		{F670D43B-8FA4-4BE4-B65D-307B508660D0}.Release|Any CPU.Build.0 = Release|Any CPU
	EndGlobalSection
	GlobalSection(SolutionProperties) = preSolution
		HideSolutionNode = FALSE
	EndGlobalSection
	GlobalSection(ExtensibilityGlobals) = postSolution
		SolutionGuid = {D4C4D155-65F7-403F-9D03-434F87942AAA}
	EndGlobalSection
EndGlobal
