
Microsoft Visual Studio Solution File, Format Version 12.00
# Visual Studio Version 17
VisualStudioVersion = 17.6.33829.357
MinimumVisualStudioVersion = 10.0.40219.1
Project("{8BC9CEB8-8B4A-11D0-8D11-00A0C91BC942}") = "230809_input", "230809_input\230809_input.vcxproj", "{FB7AFF39-A0E1-40C7-BFE2-B8D8AC5E1999}"
EndProject
Global
	GlobalSection(SolutionConfigurationPlatforms) = preSolution
		Debug|x64 = Debug|x64
		Debug|x86 = Debug|x86
		Release|x64 = Release|x64
		Release|x86 = Release|x86
	EndGlobalSection
	GlobalSection(ProjectConfigurationPlatforms) = postSolution
		{FB7AFF39-A0E1-40C7-BFE2-B8D8AC5E1999}.Debug|x64.ActiveCfg = Debug|x64
		{FB7AFF39-A0E1-40C7-BFE2-B8D8AC5E1999}.Debug|x64.Build.0 = Debug|x64
		{FB7AFF39-A0E1-40C7-BFE2-B8D8AC5E1999}.Debug|x86.ActiveCfg = Debug|Win32
		{FB7AFF39-A0E1-40C7-BFE2-B8D8AC5E1999}.Debug|x86.Build.0 = Debug|Win32
		{FB7AFF39-A0E1-40C7-BFE2-B8D8AC5E1999}.Release|x64.ActiveCfg = Release|x64
		{FB7AFF39-A0E1-40C7-BFE2-B8D8AC5E1999}.Release|x64.Build.0 = Release|x64
		{FB7AFF39-A0E1-40C7-BFE2-B8D8AC5E1999}.Release|x86.ActiveCfg = Release|Win32
		{FB7AFF39-A0E1-40C7-BFE2-B8D8AC5E1999}.Release|x86.Build.0 = Release|Win32
	EndGlobalSection
	GlobalSection(SolutionProperties) = preSolution
		HideSolutionNode = FALSE
	EndGlobalSection
	GlobalSection(ExtensibilityGlobals) = postSolution
		SolutionGuid = {C837D10B-C44F-461D-914B-8206D6803B5C}
	EndGlobalSection
EndGlobal
