
Microsoft Visual Studio Solution File, Format Version 12.00
# Visual Studio Version 17
VisualStudioVersion = 17.7.34202.233
MinimumVisualStudioVersion = 10.0.40219.1
Project("{FAE04EC0-301F-11D3-BF4B-00C04F79EFBC}") = "그냥연습", "그냥연습\그냥연습.csproj", "{0E1EF65F-03CE-4F12-A6E9-5DE543912977}"
EndProject
Project("{FAE04EC0-301F-11D3-BF4B-00C04F79EFBC}") = "연습연습", "연습연습\연습연습.csproj", "{622B9E29-4775-445C-9C3E-863586A07802}"
EndProject
Global
	GlobalSection(SolutionConfigurationPlatforms) = preSolution
		Debug|Any CPU = Debug|Any CPU
		Release|Any CPU = Release|Any CPU
	EndGlobalSection
	GlobalSection(ProjectConfigurationPlatforms) = postSolution
		{0E1EF65F-03CE-4F12-A6E9-5DE543912977}.Debug|Any CPU.ActiveCfg = Debug|Any CPU
		{0E1EF65F-03CE-4F12-A6E9-5DE543912977}.Debug|Any CPU.Build.0 = Debug|Any CPU
		{0E1EF65F-03CE-4F12-A6E9-5DE543912977}.Release|Any CPU.ActiveCfg = Release|Any CPU
		{0E1EF65F-03CE-4F12-A6E9-5DE543912977}.Release|Any CPU.Build.0 = Release|Any CPU
		{622B9E29-4775-445C-9C3E-863586A07802}.Debug|Any CPU.ActiveCfg = Debug|Any CPU
		{622B9E29-4775-445C-9C3E-863586A07802}.Debug|Any CPU.Build.0 = Debug|Any CPU
		{622B9E29-4775-445C-9C3E-863586A07802}.Release|Any CPU.ActiveCfg = Release|Any CPU
		{622B9E29-4775-445C-9C3E-863586A07802}.Release|Any CPU.Build.0 = Release|Any CPU
	EndGlobalSection
	GlobalSection(SolutionProperties) = preSolution
		HideSolutionNode = FALSE
	EndGlobalSection
	GlobalSection(ExtensibilityGlobals) = postSolution
		SolutionGuid = {B2FB57B0-2700-492D-9B09-6F0912A4141E}
	EndGlobalSection
EndGlobal
