
Microsoft Visual Studio Solution File, Format Version 12.00
# Visual Studio Version 17
VisualStudioVersion = 17.7.34202.233
MinimumVisualStudioVersion = 10.0.40219.1
Project("{FAE04EC0-301F-11D3-BF4B-00C04F79EFBC}") = "231101_HelloCSharp05", "231101_HelloCSharp05\231101_HelloCSharp05.csproj", "{0D2FA214-B90F-4CB9-A78D-165C16F15E0C}"
EndProject
Project("{FAE04EC0-301F-11D3-BF4B-00C04F79EFBC}") = "추상연습", "abstract\추상연습.csproj", "{F94768C0-C5AE-4795-A936-B95FE4BC7840}"
EndProject
Global
	GlobalSection(SolutionConfigurationPlatforms) = preSolution
		Debug|Any CPU = Debug|Any CPU
		Release|Any CPU = Release|Any CPU
	EndGlobalSection
	GlobalSection(ProjectConfigurationPlatforms) = postSolution
		{0D2FA214-B90F-4CB9-A78D-165C16F15E0C}.Debug|Any CPU.ActiveCfg = Debug|Any CPU
		{0D2FA214-B90F-4CB9-A78D-165C16F15E0C}.Debug|Any CPU.Build.0 = Debug|Any CPU
		{0D2FA214-B90F-4CB9-A78D-165C16F15E0C}.Release|Any CPU.ActiveCfg = Release|Any CPU
		{0D2FA214-B90F-4CB9-A78D-165C16F15E0C}.Release|Any CPU.Build.0 = Release|Any CPU
		{F94768C0-C5AE-4795-A936-B95FE4BC7840}.Debug|Any CPU.ActiveCfg = Debug|Any CPU
		{F94768C0-C5AE-4795-A936-B95FE4BC7840}.Debug|Any CPU.Build.0 = Debug|Any CPU
		{F94768C0-C5AE-4795-A936-B95FE4BC7840}.Release|Any CPU.ActiveCfg = Release|Any CPU
		{F94768C0-C5AE-4795-A936-B95FE4BC7840}.Release|Any CPU.Build.0 = Release|Any CPU
	EndGlobalSection
	GlobalSection(SolutionProperties) = preSolution
		HideSolutionNode = FALSE
	EndGlobalSection
	GlobalSection(ExtensibilityGlobals) = postSolution
		SolutionGuid = {5D8748E0-A514-4A9F-B600-24F37FC9EBA0}
	EndGlobalSection
EndGlobal
