
Microsoft Visual Studio Solution File, Format Version 12.00
# Visual Studio Version 17
VisualStudioVersion = 17.6.33829.357
MinimumVisualStudioVersion = 10.0.40219.1
Project("{8BC9CEB8-8B4A-11D0-8D11-00A0C91BC942}") = "230825_struct", "230825_struct\230825_struct.vcxproj", "{4037FC0B-6327-47DF-AB86-AE66992B3341}"
EndProject
Global
	GlobalSection(SolutionConfigurationPlatforms) = preSolution
		Debug|x64 = Debug|x64
		Debug|x86 = Debug|x86
		Release|x64 = Release|x64
		Release|x86 = Release|x86
	EndGlobalSection
	GlobalSection(ProjectConfigurationPlatforms) = postSolution
		{4037FC0B-6327-47DF-AB86-AE66992B3341}.Debug|x64.ActiveCfg = Debug|x64
		{4037FC0B-6327-47DF-AB86-AE66992B3341}.Debug|x64.Build.0 = Debug|x64
		{4037FC0B-6327-47DF-AB86-AE66992B3341}.Debug|x86.ActiveCfg = Debug|Win32
		{4037FC0B-6327-47DF-AB86-AE66992B3341}.Debug|x86.Build.0 = Debug|Win32
		{4037FC0B-6327-47DF-AB86-AE66992B3341}.Release|x64.ActiveCfg = Release|x64
		{4037FC0B-6327-47DF-AB86-AE66992B3341}.Release|x64.Build.0 = Release|x64
		{4037FC0B-6327-47DF-AB86-AE66992B3341}.Release|x86.ActiveCfg = Release|Win32
		{4037FC0B-6327-47DF-AB86-AE66992B3341}.Release|x86.Build.0 = Release|Win32
	EndGlobalSection
	GlobalSection(SolutionProperties) = preSolution
		HideSolutionNode = FALSE
	EndGlobalSection
	GlobalSection(ExtensibilityGlobals) = postSolution
		SolutionGuid = {901DB598-519A-426B-AAC2-C8B4987ABD0A}
	EndGlobalSection
EndGlobal
